
Microsoft Visual Studio Solution File, Format Version 12.00
# Visual Studio Version 17
VisualStudioVersion = 17.6.33723.286
MinimumVisualStudioVersion = 10.0.40219.1
Project("{FAE04EC0-301F-11D3-BF4B-00C04F79EFBC}") = "Calculator", "Calculator\Calculator.csproj", "{D7CD9492-9077-44E2-9520-F2D7CD5F5CA3}"
EndProject
Global
	GlobalSection(SolutionConfigurationPlatforms) = preSolution
		Debug|Any CPU = Debug|Any CPU
		Release|Any CPU = Release|Any CPU
	EndGlobalSection
	GlobalSection(ProjectConfigurationPlatforms) = postSolution
		{D7CD9492-9077-44E2-9520-F2D7CD5F5CA3}.Debug|Any CPU.ActiveCfg = Debug|Any CPU
		{D7CD9492-9077-44E2-9520-F2D7CD5F5CA3}.Debug|Any CPU.Build.0 = Debug|Any CPU
		{D7CD9492-9077-44E2-9520-F2D7CD5F5CA3}.Release|Any CPU.ActiveCfg = Release|Any CPU
		{D7CD9492-9077-44E2-9520-F2D7CD5F5CA3}.Release|Any CPU.Build.0 = Release|Any CPU
	EndGlobalSection
	GlobalSection(SolutionProperties) = preSolution
		HideSolutionNode = FALSE
	EndGlobalSection
	GlobalSection(ExtensibilityGlobals) = postSolution
		SolutionGuid = {8747DFAD-6BFB-4E44-8DEA-AF7B80E0531F}
	EndGlobalSection
EndGlobal
